// !$*UTF8*$!
{
	archiveVersion = 1;
	classes = {
	};
	objectVersion = 48;
	objects = {

/* Begin PBXBuildFile section */
		62DA86F8214E092100D660D9 /* AppDelegate.swift in Sources */ = {isa = PBXBuildFile; fileRef = 62DA86F7214E092100D660D9 /* AppDelegate.swift */; };
		62DA86FA214E092100D660D9 /* ViewController.swift in Sources */ = {isa = PBXBuildFile; fileRef = 62DA86F9214E092100D660D9 /* ViewController.swift */; };
		62DA86FD214E092100D660D9 /* Main.storyboard in Resources */ = {isa = PBXBuildFile; fileRef = 62DA86FB214E092100D660D9 /* Main.storyboard */; };
		62DA86FF214E092100D660D9 /* Assets.xcassets in Resources */ = {isa = PBXBuildFile; fileRef = 62DA86FE214E092100D660D9 /* Assets.xcassets */; };
		62DA8702214E092100D660D9 /* LaunchScreen.storyboard in Resources */ = {isa = PBXBuildFile; fileRef = 62DA8700214E092100D660D9 /* LaunchScreen.storyboard */; };
		62DA870D214E092100D660D9 /* ShortNoteTests.swift in Sources */ = {isa = PBXBuildFile; fileRef = 62DA870C214E092100D660D9 /* ShortNoteTests.swift */; };
		62DA8718214E092100D660D9 /* ShortNoteUITests.swift in Sources */ = {isa = PBXBuildFile; fileRef = 62DA8717214E092100D660D9 /* ShortNoteUITests.swift */; };
/* End PBXBuildFile section */

/* Begin PBXContainerItemProxy section */
		62DA8709214E092100D660D9 /* PBXContainerItemProxy */ = {
			isa = PBXContainerItemProxy;
			containerPortal = 62DA86EC214E092000D660D9 /* Project object */;
			proxyType = 1;
			remoteGlobalIDString = 62DA86F3214E092000D660D9;
			remoteInfo = ShortNote;
		};
		62DA8714214E092100D660D9 /* PBXContainerItemProxy */ = {
			isa = PBXContainerItemProxy;
			containerPortal = 62DA86EC214E092000D660D9 /* Project object */;
			proxyType = 1;
			remoteGlobalIDString = 62DA86F3214E092000D660D9;
			remoteInfo = ShortNote;
		};
/* End PBXContainerItemProxy section */

/* Begin PBXFileReference section */
		62DA86F4214E092000D660D9 /* ShortNote.app */ = {isa = PBXFileReference; explicitFileType = wrapper.application; includeInIndex = 0; path = ShortNote.app; sourceTree = BUILT_PRODUCTS_DIR; };
		62DA86F7214E092100D660D9 /* AppDelegate.swift */ = {isa = PBXFileReference; lastKnownFileType = sourcecode.swift; path = AppDelegate.swift; sourceTree = "<group>"; };
		62DA86F9214E092100D660D9 /* ViewController.swift */ = {isa = PBXFileReference; lastKnownFileType = sourcecode.swift; path = ViewController.swift; sourceTree = "<group>"; };
		62DA86FC214E092100D660D9 /* Base */ = {isa = PBXFileReference; lastKnownFileType = file.storyboard; name = Base; path = Base.lproj/Main.storyboard; sourceTree = "<group>"; };
		62DA86FE214E092100D660D9 /* Assets.xcassets */ = {isa = PBXFileReference; lastKnownFileType = folder.assetcatalog; path = Assets.xcassets; sourceTree = "<group>"; };
		62DA8701214E092100D660D9 /* Base */ = {isa = PBXFileReference; lastKnownFileType = file.storyboard; name = Base; path = Base.lproj/LaunchScreen.storyboard; sourceTree = "<group>"; };
		62DA8703214E092100D660D9 /* Info.plist */ = {isa = PBXFileReference; lastKnownFileType = text.plist.xml; path = Info.plist; sourceTree = "<group>"; };
		62DA8708214E092100D660D9 /* ShortNoteTests.xctest */ = {isa = PBXFileReference; explicitFileType = wrapper.cfbundle; includeInIndex = 0; path = ShortNoteTests.xctest; sourceTree = BUILT_PRODUCTS_DIR; };
		62DA870C214E092100D660D9 /* ShortNoteTests.swift */ = {isa = PBXFileReference; lastKnownFileType = sourcecode.swift; path = ShortNoteTests.swift; sourceTree = "<group>"; };
		62DA870E214E092100D660D9 /* Info.plist */ = {isa = PBXFileReference; lastKnownFileType = text.plist.xml; path = Info.plist; sourceTree = "<group>"; };
		62DA8713214E092100D660D9 /* ShortNoteUITests.xctest */ = {isa = PBXFileReference; explicitFileType = wrapper.cfbundle; includeInIndex = 0; path = ShortNoteUITests.xctest; sourceTree = BUILT_PRODUCTS_DIR; };
		62DA8717214E092100D660D9 /* ShortNoteUITests.swift */ = {isa = PBXFileReference; lastKnownFileType = sourcecode.swift; path = ShortNoteUITests.swift; sourceTree = "<group>"; };
		62DA8719214E092100D660D9 /* Info.plist */ = {isa = PBXFileReference; lastKnownFileType = text.plist.xml; path = Info.plist; sourceTree = "<group>"; };
/* End PBXFileReference section */

/* Begin PBXFrameworksBuildPhase section */
		62DA86F1214E092000D660D9 /* Frameworks */ = {
			isa = PBXFrameworksBuildPhase;
			buildActionMask = 2147483647;
			files = (
			);
			runOnlyForDeploymentPostprocessing = 0;
		};
		62DA8705214E092100D660D9 /* Frameworks */ = {
			isa = PBXFrameworksBuildPhase;
			buildActionMask = 2147483647;
			files = (
			);
			runOnlyForDeploymentPostprocessing = 0;
		};
		62DA8710214E092100D660D9 /* Frameworks */ = {
			isa = PBXFrameworksBuildPhase;
			buildActionMask = 2147483647;
			files = (
			);
			runOnlyForDeploymentPostprocessing = 0;
		};
/* End PBXFrameworksBuildPhase section */

/* Begin PBXGroup section */
		62DA86EB214E092000D660D9 = {
			isa = PBXGroup;
			children = (
				62DA86F6214E092000D660D9 /* ShortNote */,
				62DA870B214E092100D660D9 /* ShortNoteTests */,
				62DA8716214E092100D660D9 /* ShortNoteUITests */,
				62DA86F5214E092000D660D9 /* Products */,
			);
			sourceTree = "<group>";
		};
		62DA86F5214E092000D660D9 /* Products */ = {
			isa = PBXGroup;
			children = (
				62DA86F4214E092000D660D9 /* ShortNote.app */,
				62DA8708214E092100D660D9 /* ShortNoteTests.xctest */,
				62DA8713214E092100D660D9 /* ShortNoteUITests.xctest */,
			);
			name = Products;
			sourceTree = "<group>";
		};
		62DA86F6214E092000D660D9 /* ShortNote */ = {
			isa = PBXGroup;
			children = (
				62DA86F7214E092100D660D9 /* AppDelegate.swift */,
				62DA86F9214E092100D660D9 /* ViewController.swift */,
				62DA86FB214E092100D660D9 /* Main.storyboard */,
				62DA86FE214E092100D660D9 /* Assets.xcassets */,
				62DA8700214E092100D660D9 /* LaunchScreen.storyboard */,
				62DA8703214E092100D660D9 /* Info.plist */,
			);
			path = ShortNote;
			sourceTree = "<group>";
		};
		62DA870B214E092100D660D9 /* ShortNoteTests */ = {
			isa = PBXGroup;
			children = (
				62DA870C214E092100D660D9 /* ShortNoteTests.swift */,
				62DA870E214E092100D660D9 /* Info.plist */,
			);
			path = ShortNoteTests;
			sourceTree = "<group>";
		};
		62DA8716214E092100D660D9 /* ShortNoteUITests */ = {
			isa = PBXGroup;
			children = (
				62DA8717214E092100D660D9 /* ShortNoteUITests.swift */,
				62DA8719214E092100D660D9 /* Info.plist */,
			);
			path = ShortNoteUITests;
			sourceTree = "<group>";
		};
/* End PBXGroup section */

/* Begin PBXNativeTarget section */
		62DA86F3214E092000D660D9 /* ShortNote */ = {
			isa = PBXNativeTarget;
			buildConfigurationList = 62DA871C214E092100D660D9 /* Build configuration list for PBXNativeTarget "ShortNote" */;
			buildPhases = (
				62DA86F0214E092000D660D9 /* Sources */,
				62DA86F1214E092000D660D9 /* Frameworks */,
				62DA86F2214E092000D660D9 /* Resources */,
			);
			buildRules = (
			);
			dependencies = (
			);
			name = ShortNote;
			productName = ShortNote;
			productReference = 62DA86F4214E092000D660D9 /* ShortNote.app */;
			productType = "com.apple.product-type.application";
		};
		62DA8707214E092100D660D9 /* ShortNoteTests */ = {
			isa = PBXNativeTarget;
			buildConfigurationList = 62DA871F214E092100D660D9 /* Build configuration list for PBXNativeTarget "ShortNoteTests" */;
			buildPhases = (
				62DA8704214E092100D660D9 /* Sources */,
				62DA8705214E092100D660D9 /* Frameworks */,
				62DA8706214E092100D660D9 /* Resources */,
			);
			buildRules = (
			);
			dependencies = (
				62DA870A214E092100D660D9 /* PBXTargetDependency */,
			);
			name = ShortNoteTests;
			productName = ShortNoteTests;
			productReference = 62DA8708214E092100D660D9 /* ShortNoteTests.xctest */;
			productType = "com.apple.product-type.bundle.unit-test";
		};
		62DA8712214E092100D660D9 /* ShortNoteUITests */ = {
			isa = PBXNativeTarget;
			buildConfigurationList = 62DA8722214E092100D660D9 /* Build configuration list for PBXNativeTarget "ShortNoteUITests" */;
			buildPhases = (
				62DA870F214E092100D660D9 /* Sources */,
				62DA8710214E092100D660D9 /* Frameworks */,
				62DA8711214E092100D660D9 /* Resources */,
			);
			buildRules = (
			);
			dependencies = (
				62DA8715214E092100D660D9 /* PBXTargetDependency */,
			);
			name = ShortNoteUITests;
			productName = ShortNoteUITests;
			productReference = 62DA8713214E092100D660D9 /* ShortNoteUITests.xctest */;
			productType = "com.apple.product-type.bundle.ui-testing";
		};
/* End PBXNativeTarget section */

/* Begin PBXProject section */
		62DA86EC214E092000D660D9 /* Project object */ = {
			isa = PBXProject;
			attributes = {
				LastSwiftUpdateCheck = 0900;
				LastUpgradeCheck = 0900;
				ORGANIZATIONNAME = BlackMoon;
				TargetAttributes = {
					62DA86F3214E092000D660D9 = {
						CreatedOnToolsVersion = 9.0.1;
						ProvisioningStyle = Automatic;
					};
					62DA8707214E092100D660D9 = {
						CreatedOnToolsVersion = 9.0.1;
						ProvisioningStyle = Automatic;
						TestTargetID = 62DA86F3214E092000D660D9;
					};
					62DA8712214E092100D660D9 = {
						CreatedOnToolsVersion = 9.0.1;
						ProvisioningStyle = Automatic;
						TestTargetID = 62DA86F3214E092000D660D9;
					};
				};
			};
			buildConfigurationList = 62DA86EF214E092000D660D9 /* Build configuration list for PBXProject "ShortNote" */;
			compatibilityVersion = "Xcode 8.0";
			developmentRegion = en;
			hasScannedForEncodings = 0;
			knownRegions = (
				en,
				Base,
			);
			mainGroup = 62DA86EB214E092000D660D9;
			productRefGroup = 62DA86F5214E092000D660D9 /* Products */;
			projectDirPath = "";
			projectRoot = "";
			targets = (
				62DA86F3214E092000D660D9 /* ShortNote */,
				62DA8707214E092100D660D9 /* ShortNoteTests */,
				62DA8712214E092100D660D9 /* ShortNoteUITests */,
			);
		};
/* End PBXProject section */

/* Begin PBXResourcesBuildPhase section */
		62DA86F2214E092000D660D9 /* Resources */ = {
			isa = PBXResourcesBuildPhase;
			buildActionMask = 2147483647;
			files = (
				62DA8702214E092100D660D9 /* LaunchScreen.storyboard in Resources */,
				62DA86FF214E092100D660D9 /* Assets.xcassets in Resources */,
				62DA86FD214E092100D660D9 /* Main.storyboard in Resources */,
			);
			runOnlyForDeploymentPostprocessing = 0;
		};
		62DA8706214E092100D660D9 /* Resources */ = {
			isa = PBXResourcesBuildPhase;
			buildActionMask = 2147483647;
			files = (
			);
			runOnlyForDeploymentPostprocessing = 0;
		};
		62DA8711214E092100D660D9 /* Resources */ = {
			isa = PBXResourcesBuildPhase;
			buildActionMask = 2147483647;
			files = (
			);
			runOnlyForDeploymentPostprocessing = 0;
		};
/* End PBXResourcesBuildPhase section */

/* Begin PBXSourcesBuildPhase section */
		62DA86F0214E092000D660D9 /* Sources */ = {
			isa = PBXSourcesBuildPhase;
			buildActionMask = 2147483647;
			files = (
				62DA86FA214E092100D660D9 /* ViewController.swift in Sources */,
				62DA86F8214E092100D660D9 /* AppDelegate.swift in Sources */,
			);
			runOnlyForDeploymentPostprocessing = 0;
		};
		62DA8704214E092100D660D9 /* Sources */ = {
			isa = PBXSourcesBuildPhase;
			buildActionMask = 2147483647;
			files = (
				62DA870D214E092100D660D9 /* ShortNoteTests.swift in Sources */,
			);
			runOnlyForDeploymentPostprocessing = 0;
		};
		62DA870F214E092100D660D9 /* Sources */ = {
			isa = PBXSourcesBuildPhase;
			buildActionMask = 2147483647;
			files = (
				62DA8718214E092100D660D9 /* ShortNoteUITests.swift in Sources */,
			);
			runOnlyForDeploymentPostprocessing = 0;
		};
/* End PBXSourcesBuildPhase section */

/* Begin PBXTargetDependency section */
		62DA870A214E092100D660D9 /* PBXTargetDependency */ = {
			isa = PBXTargetDependency;
			target = 62DA86F3214E092000D660D9 /* ShortNote */;
			targetProxy = 62DA8709214E092100D660D9 /* PBXContainerItemProxy */;
		};
		62DA8715214E092100D660D9 /* PBXTargetDependency */ = {
			isa = PBXTargetDependency;
			target = 62DA86F3214E092000D660D9 /* ShortNote */;
			targetProxy = 62DA8714214E092100D660D9 /* PBXContainerItemProxy */;
		};
/* End PBXTargetDependency section */

/* Begin PBXVariantGroup section */
		62DA86FB214E092100D660D9 /* Main.storyboard */ = {
			isa = PBXVariantGroup;
			children = (
				62DA86FC214E092100D660D9 /* Base */,
			);
			name = Main.storyboard;
			sourceTree = "<group>";
		};
		62DA8700214E092100D660D9 /* LaunchScreen.storyboard */ = {
			isa = PBXVariantGroup;
			children = (
				62DA8701214E092100D660D9 /* Base */,
			);
			name = LaunchScreen.storyboard;
			sourceTree = "<group>";
		};
/* End PBXVariantGroup section */

/* Begin XCBuildConfiguration section */
		62DA871A214E092100D660D9 /* Debug */ = {
			isa = XCBuildConfiguration;
			buildSettings = {
				ALWAYS_SEARCH_USER_PATHS = NO;
				CLANG_ANALYZER_NONNULL = YES;
				CLANG_ANALYZER_NUMBER_OBJECT_CONVERSION = YES_AGGRESSIVE;
				CLANG_CXX_LANGUAGE_STANDARD = "gnu++14";
				CLANG_CXX_LIBRARY = "libc++";
				CLANG_ENABLE_MODULES = YES;
				CLANG_ENABLE_OBJC_ARC = YES;
				CLANG_WARN_BLOCK_CAPTURE_AUTORELEASING = YES;
				CLANG_WARN_BOOL_CONVERSION = YES;
				CLANG_WARN_COMMA = YES;
				CLANG_WARN_CONSTANT_CONVERSION = YES;
				CLANG_WARN_DIRECT_OBJC_ISA_USAGE = YES_ERROR;
				CLANG_WARN_DOCUMENTATION_COMMENTS = YES;
				CLANG_WARN_EMPTY_BODY = YES;
				CLANG_WARN_ENUM_CONVERSION = YES;
				CLANG_WARN_INFINITE_RECURSION = YES;
				CLANG_WARN_INT_CONVERSION = YES;
				CLANG_WARN_NON_LITERAL_NULL_CONVERSION = YES;
				CLANG_WARN_OBJC_LITERAL_CONVERSION = YES;
				CLANG_WARN_OBJC_ROOT_CLASS = YES_ERROR;
				CLANG_WARN_RANGE_LOOP_ANALYSIS = YES;
				CLANG_WARN_STRICT_PROTOTYPES = YES;
				CLANG_WARN_SUSPICIOUS_MOVE = YES;
				CLANG_WARN_UNGUARDED_AVAILABILITY = YES_AGGRESSIVE;
				CLANG_WARN_UNREACHABLE_CODE = YES;
				CLANG_WARN__DUPLICATE_METHOD_MATCH = YES;
				CODE_SIGN_IDENTITY = "iPhone Developer";
				COPY_PHASE_STRIP = NO;
				DEBUG_INFORMATION_FORMAT = dwarf;
				ENABLE_STRICT_OBJC_MSGSEND = YES;
				ENABLE_TESTABILITY = YES;
				GCC_C_LANGUAGE_STANDARD = gnu11;
				GCC_DYNAMIC_NO_PIC = NO;
				GCC_NO_COMMON_BLOCKS = YES;
				GCC_OPTIMIZATION_LEVEL = 0;
				GCC_PREPROCESSOR_DEFINITIONS = (
					"DEBUG=1",
					"$(inherited)",
				);
				GCC_WARN_64_TO_32_BIT_CONVERSION = YES;
				GCC_WARN_ABOUT_RETURN_TYPE = YES_ERROR;
				GCC_WARN_UNDECLARED_SELECTOR = YES;
				GCC_WARN_UNINITIALIZED_AUTOS = YES_AGGRESSIVE;
				GCC_WARN_UNUSED_FUNCTION = YES;
				GCC_WARN_UNUSED_VARIABLE = YES;
				IPHONEOS_DEPLOYMENT_TARGET = 11.0;
				MTL_ENABLE_DEBUG_INFO = YES;
				ONLY_ACTIVE_ARCH = YES;
				SDKROOT = iphoneos;
				SWIFT_ACTIVE_COMPILATION_CONDITIONS = DEBUG;
				SWIFT_OPTIMIZATION_LEVEL = "-Onone";
			};
			name = Debug;
		};
		62DA871B214E092100D660D9 /* Release */ = {
			isa = XCBuildConfiguration;
			buildSettings = {
				ALWAYS_SEARCH_USER_PATHS = NO;
				CLANG_ANALYZER_NONNULL = YES;
				CLANG_ANALYZER_NUMBER_OBJECT_CONVERSION = YES_AGGRESSIVE;
				CLANG_CXX_LANGUAGE_STANDARD = "gnu++14";
				CLANG_CXX_LIBRARY = "libc++";
				CLANG_ENABLE_MODULES = YES;
				CLANG_ENABLE_OBJC_ARC = YES;
				CLANG_WARN_BLOCK_CAPTURE_AUTORELEASING = YES;
				CLANG_WARN_BOOL_CONVERSION = YES;
				CLANG_WARN_COMMA = YES;
				CLANG_WARN_CONSTANT_CONVERSION = YES;
				CLANG_WARN_DIRECT_OBJC_ISA_USAGE = YES_ERROR;
				CLANG_WARN_DOCUMENTATION_COMMENTS = YES;
				CLANG_WARN_EMPTY_BODY = YES;
				CLANG_WARN_ENUM_CONVERSION = YES;
				CLANG_WARN_INFINITE_RECURSION = YES;
				CLANG_WARN_INT_CONVERSION = YES;
				CLANG_WARN_NON_LITERAL_NULL_CONVERSION = YES;
				CLANG_WARN_OBJC_LITERAL_CONVERSION = YES;
				CLANG_WARN_OBJC_ROOT_CLASS = YES_ERROR;
				CLANG_WARN_RANGE_LOOP_ANALYSIS = YES;
				CLANG_WARN_STRICT_PROTOTYPES = YES;
				CLANG_WARN_SUSPICIOUS_MOVE = YES;
				CLANG_WARN_UNGUARDED_AVAILABILITY = YES_AGGRESSIVE;
				CLANG_WARN_UNREACHABLE_CODE = YES;
				CLANG_WARN__DUPLICATE_METHOD_MATCH = YES;
				CODE_SIGN_IDENTITY = "iPhone Developer";
				COPY_PHASE_STRIP = NO;
				DEBUG_INFORMATION_FORMAT = "dwarf-with-dsym";
				ENABLE_NS_ASSERTIONS = NO;
				ENABLE_STRICT_OBJC_MSGSEND = YES;
				GCC_C_LANGUAGE_STANDARD = gnu11;
				GCC_NO_COMMON_BLOCKS = YES;
				GCC_WARN_64_TO_32_BIT_CONVERSION = YES;
				GCC_WARN_ABOUT_RETURN_TYPE = YES_ERROR;
				GCC_WARN_UNDECLARED_SELECTOR = YES;
				GCC_WARN_UNINITIALIZED_AUTOS = YES_AGGRESSIVE;
				GCC_WARN_UNUSED_FUNCTION = YES;
				GCC_WARN_UNUSED_VARIABLE = YES;
				IPHONEOS_DEPLOYMENT_TARGET = 11.0;
				MTL_ENABLE_DEBUG_INFO = NO;
				SDKROOT = iphoneos;
				SWIFT_OPTIMIZATION_LEVEL = "-Owholemodule";
				VALIDATE_PRODUCT = YES;
			};
			name = Release;
		};
		62DA871D214E092100D660D9 /* Debug */ = {
			isa = XCBuildConfiguration;
			buildSettings = {
				ASSETCATALOG_COMPILER_APPICON_NAME = AppIcon;
				CODE_SIGN_STYLE = Automatic;
				INFOPLIST_FILE = ShortNote/Info.plist;
				LD_RUNPATH_SEARCH_PATHS = "$(inherited) @executable_path/Frameworks";
				PRODUCT_BUNDLE_IDENTIFIER = com.blackmoon.ShortNote;
				PRODUCT_NAME = "$(TARGET_NAME)";
				SWIFT_VERSION = 4.0;
				TARGETED_DEVICE_FAMILY = "1,2";
			};
			name = Debug;
		};
		62DA871E214E092100D660D9 /* Release */ = {
			isa = XCBuildConfiguration;
			buildSettings = {
				ASSETCATALOG_COMPILER_APPICON_NAME = AppIcon;
				CODE_SIGN_STYLE = Automatic;
				INFOPLIST_FILE = ShortNote/Info.plist;
				LD_RUNPATH_SEARCH_PATHS = "$(inherited) @executable_path/Frameworks";
				PRODUCT_BUNDLE_IDENTIFIER = com.blackmoon.ShortNote;
				PRODUCT_NAME = "$(TARGET_NAME)";
				SWIFT_VERSION = 4.0;
				TARGETED_DEVICE_FAMILY = "1,2";
			};
			name = Release;
		};
		62DA8720214E092100D660D9 /* Debug */ = {
			isa = XCBuildConfiguration;
			buildSettings = {
				ALWAYS_EMBED_SWIFT_STANDARD_LIBRARIES = YES;
				BUNDLE_LOADER = "$(TEST_HOST)";
				CODE_SIGN_STYLE = Automatic;
				INFOPLIST_FILE = ShortNoteTests/Info.plist;
				LD_RUNPATH_SEARCH_PATHS = "$(inherited) @executable_path/Frameworks @loader_path/Frameworks";
				PRODUCT_BUNDLE_IDENTIFIER = com.blackmoon.ShortNoteTests;
				PRODUCT_NAME = "$(TARGET_NAME)";
				SWIFT_VERSION = 4.0;
				TARGETED_DEVICE_FAMILY = "1,2";
				TEST_HOST = "$(BUILT_PRODUCTS_DIR)/ShortNote.app/ShortNote";
			};
			name = Debug;
		};
		62DA8721214E092100D660D9 /* Release */ = {
			isa = XCBuildConfiguration;
			buildSettings = {
				ALWAYS_EMBED_SWIFT_STANDARD_LIBRARIES = YES;
				BUNDLE_LOADER = "$(TEST_HOST)";
				CODE_SIGN_STYLE = Automatic;
				INFOPLIST_FILE = ShortNoteTests/Info.plist;
				LD_RUNPATH_SEARCH_PATHS = "$(inherited) @executable_path/Frameworks @loader_path/Frameworks";
				PRODUCT_BUNDLE_IDENTIFIER = com.blackmoon.ShortNoteTests;
				PRODUCT_NAME = "$(TARGET_NAME)";
				SWIFT_VERSION = 4.0;
				TARGETED_DEVICE_FAMILY = "1,2";
				TEST_HOST = "$(BUILT_PRODUCTS_DIR)/ShortNote.app/ShortNote";
			};
			name = Release;
		};
		62DA8723214E092100D660D9 /* Debug */ = {
			isa = XCBuildConfiguration;
			buildSettings = {
				ALWAYS_EMBED_SWIFT_STANDARD_LIBRARIES = YES;
				CODE_SIGN_STYLE = Automatic;
				INFOPLIST_FILE = ShortNoteUITests/Info.plist;
				LD_RUNPATH_SEARCH_PATHS = "$(inherited) @executable_path/Frameworks @loader_path/Frameworks";
				PRODUCT_BUNDLE_IDENTIFIER = com.blackmoon.ShortNoteUITests;
				PRODUCT_NAME = "$(TARGET_NAME)";
				SWIFT_VERSION = 4.0;
				TARGETED_DEVICE_FAMILY = "1,2";
				TEST_TARGET_NAME = ShortNote;
			};
			name = Debug;
		};
		62DA8724214E092100D660D9 /* Release */ = {
			isa = XCBuildConfiguration;
			buildSettings = {
				ALWAYS_EMBED_SWIFT_STANDARD_LIBRARIES = YES;
				CODE_SIGN_STYLE = Automatic;
				INFOPLIST_FILE = ShortNoteUITests/Info.plist;
				LD_RUNPATH_SEARCH_PATHS = "$(inherited) @executable_path/Frameworks @loader_path/Frameworks";
				PRODUCT_BUNDLE_IDENTIFIER = com.blackmoon.ShortNoteUITests;
				PRODUCT_NAME = "$(TARGET_NAME)";
				SWIFT_VERSION = 4.0;
				TARGETED_DEVICE_FAMILY = "1,2";
				TEST_TARGET_NAME = ShortNote;
			};
			name = Release;
		};
/* End XCBuildConfiguration section */

/* Begin XCConfigurationList section */
		62DA86EF214E092000D660D9 /* Build configuration list for PBXProject "ShortNote" */ = {
			isa = XCConfigurationList;
			buildConfigurations = (
				62DA871A214E092100D660D9 /* Debug */,
				62DA871B214E092100D660D9 /* Release */,
			);
			defaultConfigurationIsVisible = 0;
			defaultConfigurationName = Release;
		};
		62DA871C214E092100D660D9 /* Build configuration list for PBXNativeTarget "ShortNote" */ = {
			isa = XCConfigurationList;
			buildConfigurations = (
				62DA871D214E092100D660D9 /* Debug */,
				62DA871E214E092100D660D9 /* Release */,
			);
			defaultConfigurationIsVisible = 0;
			defaultConfigurationName = Release;
		};
		62DA871F214E092100D660D9 /* Build configuration list for PBXNativeTarget "ShortNoteTests" */ = {
			isa = XCConfigurationList;
			buildConfigurations = (
				62DA8720214E092100D660D9 /* Debug */,
				62DA8721214E092100D660D9 /* Release */,
			);
			defaultConfigurationIsVisible = 0;
			defaultConfigurationName = Release;
		};
		62DA8722214E092100D660D9 /* Build configuration list for PBXNativeTarget "ShortNoteUITests" */ = {
			isa = XCConfigurationList;
			buildConfigurations = (
				62DA8723214E092100D660D9 /* Debug */,
				62DA8724214E092100D660D9 /* Release */,
			);
			defaultConfigurationIsVisible = 0;
			defaultConfigurationName = Release;
		};
/* End XCConfigurationList section */
	};
	rootObject = 62DA86EC214E092000D660D9 /* Project object */;
}
